
Microsoft Visual Studio Solution File, Format Version 12.00
# Visual Studio Version 16
VisualStudioVersion = 16.0.30114.105
MinimumVisualStudioVersion = 10.0.40219.1
Project("{FAE04EC0-301F-11D3-BF4B-00C04F79EFBC}") = "Lab02-UnitTests", "Lab02-UnitTests\Lab02-UnitTests.csproj", "{ECB7185B-050A-4E3B-B45A-ADFC7D425337}"
EndProject
Project("{FAE04EC0-301F-11D3-BF4B-00C04F79EFBC}") = "ATM-Unit-Tests", "ATM-Unit-Tests\ATM-Unit-Tests.csproj", "{50667BA1-0A24-46D6-98E3-F317473B1118}"
EndProject
Global
	GlobalSection(SolutionConfigurationPlatforms) = preSolution
		Debug|Any CPU = Debug|Any CPU
		Release|Any CPU = Release|Any CPU
	EndGlobalSection
	GlobalSection(ProjectConfigurationPlatforms) = postSolution
		{ECB7185B-050A-4E3B-B45A-ADFC7D425337}.Debug|Any CPU.ActiveCfg = Debug|Any CPU
		{ECB7185B-050A-4E3B-B45A-ADFC7D425337}.Debug|Any CPU.Build.0 = Debug|Any CPU
		{ECB7185B-050A-4E3B-B45A-ADFC7D425337}.Release|Any CPU.ActiveCfg = Release|Any CPU
		{ECB7185B-050A-4E3B-B45A-ADFC7D425337}.Release|Any CPU.Build.0 = Release|Any CPU
		{50667BA1-0A24-46D6-98E3-F317473B1118}.Debug|Any CPU.ActiveCfg = Debug|Any CPU
		{50667BA1-0A24-46D6-98E3-F317473B1118}.Debug|Any CPU.Build.0 = Debug|Any CPU
		{50667BA1-0A24-46D6-98E3-F317473B1118}.Release|Any CPU.ActiveCfg = Release|Any CPU
		{50667BA1-0A24-46D6-98E3-F317473B1118}.Release|Any CPU.Build.0 = Release|Any CPU
	EndGlobalSection
	GlobalSection(SolutionProperties) = preSolution
		HideSolutionNode = FALSE
	EndGlobalSection
	GlobalSection(ExtensibilityGlobals) = postSolution
		SolutionGuid = {2716A1A5-B726-4D7D-B701-980902A882C1}
	EndGlobalSection
EndGlobal
